// !$*UTF8*$!
{
	archiveVersion = 1;
	classes = {
	};
	objectVersion = 56;
	objects = {

/* Begin PBXBuildFile section */
		ED6277A42A2CE54C000ABDBC /* AppDelegate.swift in Sources */ = {isa = PBXBuildFile; fileRef = ED6277A32A2CE54C000ABDBC /* AppDelegate.swift */; };
		ED6277A62A2CE54C000ABDBC /* SceneDelegate.swift in Sources */ = {isa = PBXBuildFile; fileRef = ED6277A52A2CE54C000ABDBC /* SceneDelegate.swift */; };
		ED6277A82A2CE54C000ABDBC /* SettingViewController.swift in Sources */ = {isa = PBXBuildFile; fileRef = ED6277A72A2CE54C000ABDBC /* SettingViewController.swift */; };
		ED6277AB2A2CE54C000ABDBC /* Main.storyboard in Resources */ = {isa = PBXBuildFile; fileRef = ED6277A92A2CE54C000ABDBC /* Main.storyboard */; };
		ED6277AD2A2CE54E000ABDBC /* Assets.xcassets in Resources */ = {isa = PBXBuildFile; fileRef = ED6277AC2A2CE54E000ABDBC /* Assets.xcassets */; };
		ED6277B02A2CE54E000ABDBC /* LaunchScreen.storyboard in Resources */ = {isa = PBXBuildFile; fileRef = ED6277AE2A2CE54E000ABDBC /* LaunchScreen.storyboard */; };
		ED9F8AD62A50306800FB8759 /* MainViewController.swift in Sources */ = {isa = PBXBuildFile; fileRef = ED9F8AD52A50306800FB8759 /* MainViewController.swift */; };
		ED9F8AD82A5082BF00FB8759 /* ModelColor.swift in Sources */ = {isa = PBXBuildFile; fileRef = ED9F8AD72A5082BE00FB8759 /* ModelColor.swift */; };
/* End PBXBuildFile section */

/* Begin PBXFileReference section */
		ED6277A02A2CE54C000ABDBC /* ViewRGB.app */ = {isa = PBXFileReference; explicitFileType = wrapper.application; includeInIndex = 0; path = ViewRGB.app; sourceTree = BUILT_PRODUCTS_DIR; };
		ED6277A32A2CE54C000ABDBC /* AppDelegate.swift */ = {isa = PBXFileReference; lastKnownFileType = sourcecode.swift; path = AppDelegate.swift; sourceTree = "<group>"; };
		ED6277A52A2CE54C000ABDBC /* SceneDelegate.swift */ = {isa = PBXFileReference; lastKnownFileType = sourcecode.swift; path = SceneDelegate.swift; sourceTree = "<group>"; };
		ED6277A72A2CE54C000ABDBC /* SettingViewController.swift */ = {isa = PBXFileReference; lastKnownFileType = sourcecode.swift; path = SettingViewController.swift; sourceTree = "<group>"; };
		ED6277AA2A2CE54C000ABDBC /* Base */ = {isa = PBXFileReference; lastKnownFileType = file.storyboard; name = Base; path = Base.lproj/Main.storyboard; sourceTree = "<group>"; };
		ED6277AC2A2CE54E000ABDBC /* Assets.xcassets */ = {isa = PBXFileReference; lastKnownFileType = folder.assetcatalog; path = Assets.xcassets; sourceTree = "<group>"; };
		ED6277AF2A2CE54E000ABDBC /* Base */ = {isa = PBXFileReference; lastKnownFileType = file.storyboard; name = Base; path = Base.lproj/LaunchScreen.storyboard; sourceTree = "<group>"; };
		ED6277B12A2CE54E000ABDBC /* Info.plist */ = {isa = PBXFileReference; lastKnownFileType = text.plist.xml; path = Info.plist; sourceTree = "<group>"; };
		ED9F8AD52A50306800FB8759 /* MainViewController.swift */ = {isa = PBXFileReference; lastKnownFileType = sourcecode.swift; path = MainViewController.swift; sourceTree = "<group>"; };
		ED9F8AD72A5082BE00FB8759 /* ModelColor.swift */ = {isa = PBXFileReference; lastKnownFileType = sourcecode.swift; path = ModelColor.swift; sourceTree = "<group>"; };
/* End PBXFileReference section */

/* Begin PBXFrameworksBuildPhase section */
		ED62779D2A2CE54C000ABDBC /* Frameworks */ = {
			isa = PBXFrameworksBuildPhase;
			buildActionMask = 2147483647;
			files = (
			);
			runOnlyForDeploymentPostprocessing = 0;
		};
/* End PBXFrameworksBuildPhase section */

/* Begin PBXGroup section */
		ED6277972A2CE54C000ABDBC = {
			isa = PBXGroup;
			children = (
				ED6277A22A2CE54C000ABDBC /* ViewRGB */,
				ED6277A12A2CE54C000ABDBC /* Products */,
			);
			sourceTree = "<group>";
		};
		ED6277A12A2CE54C000ABDBC /* Products */ = {
			isa = PBXGroup;
			children = (
				ED6277A02A2CE54C000ABDBC /* ViewRGB.app */,
			);
			name = Products;
			sourceTree = "<group>";
		};
		ED6277A22A2CE54C000ABDBC /* ViewRGB */ = {
			isa = PBXGroup;
			children = (
				ED9F8AD12A501B8A00FB8759 /* App */,
				ED9F8AD22A501BC000FB8759 /* ViewControllers */,
				ED9F8AD32A501C0B00FB8759 /* Storyboards */,
				ED9F8AD42A501C2D00FB8759 /* Arsenal */,
				ED9F8AD92A5082C800FB8759 /* Models */,
			);
			path = ViewRGB;
			sourceTree = "<group>";
		};
		ED9F8AD12A501B8A00FB8759 /* App */ = {
			isa = PBXGroup;
			children = (
				ED6277A32A2CE54C000ABDBC /* AppDelegate.swift */,
				ED6277A52A2CE54C000ABDBC /* SceneDelegate.swift */,
				ED6277B12A2CE54E000ABDBC /* Info.plist */,
			);
			path = App;
			sourceTree = "<group>";
		};
		ED9F8AD22A501BC000FB8759 /* ViewControllers */ = {
			isa = PBXGroup;
			children = (
				ED9F8AD52A50306800FB8759 /* MainViewController.swift */,
				ED6277A72A2CE54C000ABDBC /* SettingViewController.swift */,
			);
			path = ViewControllers;
			sourceTree = "<group>";
		};
		ED9F8AD32A501C0B00FB8759 /* Storyboards */ = {
			isa = PBXGroup;
			children = (
				ED6277A92A2CE54C000ABDBC /* Main.storyboard */,
				ED6277AE2A2CE54E000ABDBC /* LaunchScreen.storyboard */,
			);
			path = Storyboards;
			sourceTree = "<group>";
		};
		ED9F8AD42A501C2D00FB8759 /* Arsenal */ = {
			isa = PBXGroup;
			children = (
				ED6277AC2A2CE54E000ABDBC /* Assets.xcassets */,
			);
			path = Arsenal;
			sourceTree = "<group>";
		};
		ED9F8AD92A5082C800FB8759 /* Models */ = {
			isa = PBXGroup;
			children = (
				ED9F8AD72A5082BE00FB8759 /* ModelColor.swift */,
			);
			path = Models;
			sourceTree = "<group>";
		};
/* End PBXGroup section */

/* Begin PBXNativeTarget section */
		ED62779F2A2CE54C000ABDBC /* ViewRGB */ = {
			isa = PBXNativeTarget;
			buildConfigurationList = ED6277B42A2CE54E000ABDBC /* Build configuration list for PBXNativeTarget "ViewRGB" */;
			buildPhases = (
				ED62779C2A2CE54C000ABDBC /* Sources */,
				ED62779D2A2CE54C000ABDBC /* Frameworks */,
				ED62779E2A2CE54C000ABDBC /* Resources */,
			);
			buildRules = (
			);
			dependencies = (
			);
			name = ViewRGB;
			productName = ViewRGB;
			productReference = ED6277A02A2CE54C000ABDBC /* ViewRGB.app */;
			productType = "com.apple.product-type.application";
		};
/* End PBXNativeTarget section */

/* Begin PBXProject section */
		ED6277982A2CE54C000ABDBC /* Project object */ = {
			isa = PBXProject;
			attributes = {
				BuildIndependentTargetsInParallel = 1;
				LastSwiftUpdateCheck = 1430;
				LastUpgradeCheck = 1430;
				TargetAttributes = {
					ED62779F2A2CE54C000ABDBC = {
						CreatedOnToolsVersion = 14.3;
					};
				};
			};
			buildConfigurationList = ED62779B2A2CE54C000ABDBC /* Build configuration list for PBXProject "ViewRGB" */;
			compatibilityVersion = "Xcode 14.0";
			developmentRegion = en;
			hasScannedForEncodings = 0;
			knownRegions = (
				en,
				Base,
			);
			mainGroup = ED6277972A2CE54C000ABDBC;
			productRefGroup = ED6277A12A2CE54C000ABDBC /* Products */;
			projectDirPath = "";
			projectRoot = "";
			targets = (
				ED62779F2A2CE54C000ABDBC /* ViewRGB */,
			);
		};
/* End PBXProject section */

/* Begin PBXResourcesBuildPhase section */
		ED62779E2A2CE54C000ABDBC /* Resources */ = {
			isa = PBXResourcesBuildPhase;
			buildActionMask = 2147483647;
			files = (
				ED6277B02A2CE54E000ABDBC /* LaunchScreen.storyboard in Resources */,
				ED6277AD2A2CE54E000ABDBC /* Assets.xcassets in Resources */,
				ED6277AB2A2CE54C000ABDBC /* Main.storyboard in Resources */,
			);
			runOnlyForDeploymentPostprocessing = 0;
		};
/* End PBXResourcesBuildPhase section */

/* Begin PBXSourcesBuildPhase section */
		ED62779C2A2CE54C000ABDBC /* Sources */ = {
			isa = PBXSourcesBuildPhase;
			buildActionMask = 2147483647;
			files = (
				ED6277A82A2CE54C000ABDBC /* SettingViewController.swift in Sources */,
				ED6277A42A2CE54C000ABDBC /* AppDelegate.swift in Sources */,
				ED9F8AD82A5082BF00FB8759 /* ModelColor.swift in Sources */,
				ED6277A62A2CE54C000ABDBC /* SceneDelegate.swift in Sources */,
				ED9F8AD62A50306800FB8759 /* MainViewController.swift in Sources */,
			);
			runOnlyForDeploymentPostprocessing = 0;
		};
/* End PBXSourcesBuildPhase section */

/* Begin PBXVariantGroup section */
		ED6277A92A2CE54C000ABDBC /* Main.storyboard */ = {
			isa = PBXVariantGroup;
			children = (
				ED6277AA2A2CE54C000ABDBC /* Base */,
			);
			name = Main.storyboard;
			sourceTree = "<group>";
		};
		ED6277AE2A2CE54E000ABDBC /* LaunchScreen.storyboard */ = {
			isa = PBXVariantGroup;
			children = (
				ED6277AF2A2CE54E000ABDBC /* Base */,
			);
			name = LaunchScreen.storyboard;
			sourceTree = "<group>";
		};
/* End PBXVariantGroup section */

/* Begin XCBuildConfiguration section */
		ED6277B22A2CE54E000ABDBC /* Debug */ = {
			isa = XCBuildConfiguration;
			buildSettings = {
				ALWAYS_SEARCH_USER_PATHS = NO;
				CLANG_ANALYZER_NONNULL = YES;
				CLANG_ANALYZER_NUMBER_OBJECT_CONVERSION = YES_AGGRESSIVE;
				CLANG_CXX_LANGUAGE_STANDARD = "gnu++20";
				CLANG_ENABLE_MODULES = YES;
				CLANG_ENABLE_OBJC_ARC = YES;
				CLANG_ENABLE_OBJC_WEAK = YES;
				CLANG_WARN_BLOCK_CAPTURE_AUTORELEASING = YES;
				CLANG_WARN_BOOL_CONVERSION = YES;
				CLANG_WARN_COMMA = YES;
				CLANG_WARN_CONSTANT_CONVERSION = YES;
				CLANG_WARN_DEPRECATED_OBJC_IMPLEMENTATIONS = YES;
				CLANG_WARN_DIRECT_OBJC_ISA_USAGE = YES_ERROR;
				CLANG_WARN_DOCUMENTATION_COMMENTS = YES;
				CLANG_WARN_EMPTY_BODY = YES;
				CLANG_WARN_ENUM_CONVERSION = YES;
				CLANG_WARN_INFINITE_RECURSION = YES;
				CLANG_WARN_INT_CONVERSION = YES;
				CLANG_WARN_NON_LITERAL_NULL_CONVERSION = YES;
				CLANG_WARN_OBJC_IMPLICIT_RETAIN_SELF = YES;
				CLANG_WARN_OBJC_LITERAL_CONVERSION = YES;
				CLANG_WARN_OBJC_ROOT_CLASS = YES_ERROR;
				CLANG_WARN_QUOTED_INCLUDE_IN_FRAMEWORK_HEADER = YES;
				CLANG_WARN_RANGE_LOOP_ANALYSIS = YES;
				CLANG_WARN_STRICT_PROTOTYPES = YES;
				CLANG_WARN_SUSPICIOUS_MOVE = YES;
				CLANG_WARN_UNGUARDED_AVAILABILITY = YES_AGGRESSIVE;
				CLANG_WARN_UNREACHABLE_CODE = YES;
				CLANG_WARN__DUPLICATE_METHOD_MATCH = YES;
				COPY_PHASE_STRIP = NO;
				DEBUG_INFORMATION_FORMAT = dwarf;
				ENABLE_STRICT_OBJC_MSGSEND = YES;
				ENABLE_TESTABILITY = YES;
				GCC_C_LANGUAGE_STANDARD = gnu11;
				GCC_DYNAMIC_NO_PIC = NO;
				GCC_NO_COMMON_BLOCKS = YES;
				GCC_OPTIMIZATION_LEVEL = 0;
				GCC_PREPROCESSOR_DEFINITIONS = (
					"DEBUG=1",
					"$(inherited)",
				);
				GCC_WARN_64_TO_32_BIT_CONVERSION = YES;
				GCC_WARN_ABOUT_RETURN_TYPE = YES_ERROR;
				GCC_WARN_UNDECLARED_SELECTOR = YES;
				GCC_WARN_UNINITIALIZED_AUTOS = YES_AGGRESSIVE;
				GCC_WARN_UNUSED_FUNCTION = YES;
				GCC_WARN_UNUSED_VARIABLE = YES;
				IPHONEOS_DEPLOYMENT_TARGET = 16.4;
				MTL_ENABLE_DEBUG_INFO = INCLUDE_SOURCE;
				MTL_FAST_MATH = YES;
				ONLY_ACTIVE_ARCH = YES;
				SDKROOT = iphoneos;
				SWIFT_ACTIVE_COMPILATION_CONDITIONS = DEBUG;
				SWIFT_OPTIMIZATION_LEVEL = "-Onone";
			};
			name = Debug;
		};
		ED6277B32A2CE54E000ABDBC /* Release */ = {
			isa = XCBuildConfiguration;
			buildSettings = {
				ALWAYS_SEARCH_USER_PATHS = NO;
				CLANG_ANALYZER_NONNULL = YES;
				CLANG_ANALYZER_NUMBER_OBJECT_CONVERSION = YES_AGGRESSIVE;
				CLANG_CXX_LANGUAGE_STANDARD = "gnu++20";
				CLANG_ENABLE_MODULES = YES;
				CLANG_ENABLE_OBJC_ARC = YES;
				CLANG_ENABLE_OBJC_WEAK = YES;
				CLANG_WARN_BLOCK_CAPTURE_AUTORELEASING = YES;
				CLANG_WARN_BOOL_CONVERSION = YES;
				CLANG_WARN_COMMA = YES;
				CLANG_WARN_CONSTANT_CONVERSION = YES;
				CLANG_WARN_DEPRECATED_OBJC_IMPLEMENTATIONS = YES;
				CLANG_WARN_DIRECT_OBJC_ISA_USAGE = YES_ERROR;
				CLANG_WARN_DOCUMENTATION_COMMENTS = YES;
				CLANG_WARN_EMPTY_BODY = YES;
				CLANG_WARN_ENUM_CONVERSION = YES;
				CLANG_WARN_INFINITE_RECURSION = YES;
				CLANG_WARN_INT_CONVERSION = YES;
				CLANG_WARN_NON_LITERAL_NULL_CONVERSION = YES;
				CLANG_WARN_OBJC_IMPLICIT_RETAIN_SELF = YES;
				CLANG_WARN_OBJC_LITERAL_CONVERSION = YES;
				CLANG_WARN_OBJC_ROOT_CLASS = YES_ERROR;
				CLANG_WARN_QUOTED_INCLUDE_IN_FRAMEWORK_HEADER = YES;
				CLANG_WARN_RANGE_LOOP_ANALYSIS = YES;
				CLANG_WARN_STRICT_PROTOTYPES = YES;
				CLANG_WARN_SUSPICIOUS_MOVE = YES;
				CLANG_WARN_UNGUARDED_AVAILABILITY = YES_AGGRESSIVE;
				CLANG_WARN_UNREACHABLE_CODE = YES;
				CLANG_WARN__DUPLICATE_METHOD_MATCH = YES;
				COPY_PHASE_STRIP = NO;
				DEBUG_INFORMATION_FORMAT = "dwarf-with-dsym";
				ENABLE_NS_ASSERTIONS = NO;
				ENABLE_STRICT_OBJC_MSGSEND = YES;
				GCC_C_LANGUAGE_STANDARD = gnu11;
				GCC_NO_COMMON_BLOCKS = YES;
				GCC_WARN_64_TO_32_BIT_CONVERSION = YES;
				GCC_WARN_ABOUT_RETURN_TYPE = YES_ERROR;
				GCC_WARN_UNDECLARED_SELECTOR = YES;
				GCC_WARN_UNINITIALIZED_AUTOS = YES_AGGRESSIVE;
				GCC_WARN_UNUSED_FUNCTION = YES;
				GCC_WARN_UNUSED_VARIABLE = YES;
				IPHONEOS_DEPLOYMENT_TARGET = 16.4;
				MTL_ENABLE_DEBUG_INFO = NO;
				MTL_FAST_MATH = YES;
				SDKROOT = iphoneos;
				SWIFT_COMPILATION_MODE = wholemodule;
				SWIFT_OPTIMIZATION_LEVEL = "-O";
				VALIDATE_PRODUCT = YES;
			};
			name = Release;
		};
		ED6277B52A2CE54E000ABDBC /* Debug */ = {
			isa = XCBuildConfiguration;
			buildSettings = {
				ASSETCATALOG_COMPILER_APPICON_NAME = AppIcon;
				ASSETCATALOG_COMPILER_GLOBAL_ACCENT_COLOR_NAME = AccentColor;
				CODE_SIGN_STYLE = Automatic;
				CURRENT_PROJECT_VERSION = 1;
				GENERATE_INFOPLIST_FILE = YES;
				INFOPLIST_FILE = ViewRGB/App/Info.plist;
				INFOPLIST_KEY_UIApplicationSupportsIndirectInputEvents = YES;
				INFOPLIST_KEY_UILaunchStoryboardName = LaunchScreen;
				INFOPLIST_KEY_UIMainStoryboardFile = Main;
				INFOPLIST_KEY_UISupportedInterfaceOrientations_iPad = "UIInterfaceOrientationPortrait UIInterfaceOrientationPortraitUpsideDown UIInterfaceOrientationLandscapeLeft UIInterfaceOrientationLandscapeRight";
				INFOPLIST_KEY_UISupportedInterfaceOrientations_iPhone = "UIInterfaceOrientationPortrait UIInterfaceOrientationLandscapeLeft UIInterfaceOrientationLandscapeRight";
				LD_RUNPATH_SEARCH_PATHS = (
					"$(inherited)",
					"@executable_path/Frameworks",
				);
				MARKETING_VERSION = 1.0;
				PRODUCT_BUNDLE_IDENTIFIER = openYourMind.ViewRGB;
				PRODUCT_NAME = "$(TARGET_NAME)";
				SWIFT_EMIT_LOC_STRINGS = YES;
				SWIFT_VERSION = 5.0;
				TARGETED_DEVICE_FAMILY = "1,2";
			};
			name = Debug;
		};
		ED6277B62A2CE54E000ABDBC /* Release */ = {
			isa = XCBuildConfiguration;
			buildSettings = {
				ASSETCATALOG_COMPILER_APPICON_NAME = AppIcon;
				ASSETCATALOG_COMPILER_GLOBAL_ACCENT_COLOR_NAME = AccentColor;
				CODE_SIGN_STYLE = Automatic;
				CURRENT_PROJECT_VERSION = 1;
				GENERATE_INFOPLIST_FILE = YES;
				INFOPLIST_FILE = ViewRGB/App/Info.plist;
				INFOPLIST_KEY_UIApplicationSupportsIndirectInputEvents = YES;
				INFOPLIST_KEY_UILaunchStoryboardName = LaunchScreen;
				INFOPLIST_KEY_UIMainStoryboardFile = Main;
				INFOPLIST_KEY_UISupportedInterfaceOrientations_iPad = "UIInterfaceOrientationPortrait UIInterfaceOrientationPortraitUpsideDown UIInterfaceOrientationLandscapeLeft UIInterfaceOrientationLandscapeRight";
				INFOPLIST_KEY_UISupportedInterfaceOrientations_iPhone = "UIInterfaceOrientationPortrait UIInterfaceOrientationLandscapeLeft UIInterfaceOrientationLandscapeRight";
				LD_RUNPATH_SEARCH_PATHS = (
					"$(inherited)",
					"@executable_path/Frameworks",
				);
				MARKETING_VERSION = 1.0;
				PRODUCT_BUNDLE_IDENTIFIER = openYourMind.ViewRGB;
				PRODUCT_NAME = "$(TARGET_NAME)";
				SWIFT_EMIT_LOC_STRINGS = YES;
				SWIFT_VERSION = 5.0;
				TARGETED_DEVICE_FAMILY = "1,2";
			};
			name = Release;
		};
/* End XCBuildConfiguration section */

/* Begin XCConfigurationList section */
		ED62779B2A2CE54C000ABDBC /* Build configuration list for PBXProject "ViewRGB" */ = {
			isa = XCConfigurationList;
			buildConfigurations = (
				ED6277B22A2CE54E000ABDBC /* Debug */,
				ED6277B32A2CE54E000ABDBC /* Release */,
			);
			defaultConfigurationIsVisible = 0;
			defaultConfigurationName = Release;
		};
		ED6277B42A2CE54E000ABDBC /* Build configuration list for PBXNativeTarget "ViewRGB" */ = {
			isa = XCConfigurationList;
			buildConfigurations = (
				ED6277B52A2CE54E000ABDBC /* Debug */,
				ED6277B62A2CE54E000ABDBC /* Release */,
			);
			defaultConfigurationIsVisible = 0;
			defaultConfigurationName = Release;
		};
/* End XCConfigurationList section */
	};
	rootObject = ED6277982A2CE54C000ABDBC /* Project object */;
}
